
Microsoft Visual Studio Solution File, Format Version 12.00
# Visual Studio Version 16
VisualStudioVersion = 16.0.32630.194
MinimumVisualStudioVersion = 10.0.40219.1
Project("{FAE04EC0-301F-11D3-BF4B-00C04F79EFBC}") = "LusoDataApp.Android", "LusoDataApp\LusoDataApp.Android\LusoDataApp.Android.csproj", "{29B00F2E-6892-4063-BF55-1D1F59A846BC}"
EndProject
Project("{FAE04EC0-301F-11D3-BF4B-00C04F79EFBC}") = "LusoDataApp.iOS", "LusoDataApp\LusoDataApp.iOS\LusoDataApp.iOS.csproj", "{D6120C4C-3ECC-4B2B-8AB5-A1E78DB8B99C}"
EndProject
Project("{FAE04EC0-301F-11D3-BF4B-00C04F79EFBC}") = "LusoDataApp", "LusoDataApp\LusoDataApp\LusoDataApp.csproj", "{B814E327-A685-4E07-8AB6-F81159D89A53}"
EndProject
Global
	GlobalSection(SolutionConfigurationPlatforms) = preSolution
		Debug|Any CPU = Debug|Any CPU
		Debug|iPhone = Debug|iPhone
		Debug|iPhoneSimulator = Debug|iPhoneSimulator
		Release|Any CPU = Release|Any CPU
		Release|iPhone = Release|iPhone
		Release|iPhoneSimulator = Release|iPhoneSimulator
	EndGlobalSection
	GlobalSection(ProjectConfigurationPlatforms) = postSolution
		{29B00F2E-6892-4063-BF55-1D1F59A846BC}.Debug|Any CPU.ActiveCfg = Debug|Any CPU
		{29B00F2E-6892-4063-BF55-1D1F59A846BC}.Debug|Any CPU.Build.0 = Debug|Any CPU
		{29B00F2E-6892-4063-BF55-1D1F59A846BC}.Debug|Any CPU.Deploy.0 = Debug|Any CPU
		{29B00F2E-6892-4063-BF55-1D1F59A846BC}.Debug|iPhone.ActiveCfg = Debug|Any CPU
		{29B00F2E-6892-4063-BF55-1D1F59A846BC}.Debug|iPhone.Build.0 = Debug|Any CPU
		{29B00F2E-6892-4063-BF55-1D1F59A846BC}.Debug|iPhone.Deploy.0 = Debug|Any CPU
		{29B00F2E-6892-4063-BF55-1D1F59A846BC}.Debug|iPhoneSimulator.ActiveCfg = Debug|Any CPU
		{29B00F2E-6892-4063-BF55-1D1F59A846BC}.Debug|iPhoneSimulator.Build.0 = Debug|Any CPU
		{29B00F2E-6892-4063-BF55-1D1F59A846BC}.Debug|iPhoneSimulator.Deploy.0 = Debug|Any CPU
		{29B00F2E-6892-4063-BF55-1D1F59A846BC}.Release|Any CPU.ActiveCfg = Release|Any CPU
		{29B00F2E-6892-4063-BF55-1D1F59A846BC}.Release|Any CPU.Build.0 = Release|Any CPU
		{29B00F2E-6892-4063-BF55-1D1F59A846BC}.Release|Any CPU.Deploy.0 = Release|Any CPU
		{29B00F2E-6892-4063-BF55-1D1F59A846BC}.Release|iPhone.ActiveCfg = Release|Any CPU
		{29B00F2E-6892-4063-BF55-1D1F59A846BC}.Release|iPhone.Build.0 = Release|Any CPU
		{29B00F2E-6892-4063-BF55-1D1F59A846BC}.Release|iPhone.Deploy.0 = Release|Any CPU
		{29B00F2E-6892-4063-BF55-1D1F59A846BC}.Release|iPhoneSimulator.ActiveCfg = Release|Any CPU
		{29B00F2E-6892-4063-BF55-1D1F59A846BC}.Release|iPhoneSimulator.Build.0 = Release|Any CPU
		{29B00F2E-6892-4063-BF55-1D1F59A846BC}.Release|iPhoneSimulator.Deploy.0 = Release|Any CPU
		{D6120C4C-3ECC-4B2B-8AB5-A1E78DB8B99C}.Debug|Any CPU.ActiveCfg = Debug|iPhone
		{D6120C4C-3ECC-4B2B-8AB5-A1E78DB8B99C}.Debug|Any CPU.Build.0 = Debug|iPhone
		{D6120C4C-3ECC-4B2B-8AB5-A1E78DB8B99C}.Debug|Any CPU.Deploy.0 = Debug|iPhone
		{D6120C4C-3ECC-4B2B-8AB5-A1E78DB8B99C}.Debug|iPhone.ActiveCfg = Debug|iPhone
		{D6120C4C-3ECC-4B2B-8AB5-A1E78DB8B99C}.Debug|iPhone.Build.0 = Debug|iPhone
		{D6120C4C-3ECC-4B2B-8AB5-A1E78DB8B99C}.Debug|iPhone.Deploy.0 = Debug|iPhone
		{D6120C4C-3ECC-4B2B-8AB5-A1E78DB8B99C}.Debug|iPhoneSimulator.ActiveCfg = Debug|iPhoneSimulator
		{D6120C4C-3ECC-4B2B-8AB5-A1E78DB8B99C}.Debug|iPhoneSimulator.Build.0 = Debug|iPhoneSimulator
		{D6120C4C-3ECC-4B2B-8AB5-A1E78DB8B99C}.Debug|iPhoneSimulator.Deploy.0 = Debug|iPhoneSimulator
		{D6120C4C-3ECC-4B2B-8AB5-A1E78DB8B99C}.Release|Any CPU.ActiveCfg = Release|iPhoneSimulator
		{D6120C4C-3ECC-4B2B-8AB5-A1E78DB8B99C}.Release|Any CPU.Build.0 = Release|iPhoneSimulator
		{D6120C4C-3ECC-4B2B-8AB5-A1E78DB8B99C}.Release|Any CPU.Deploy.0 = Release|iPhoneSimulator
		{D6120C4C-3ECC-4B2B-8AB5-A1E78DB8B99C}.Release|iPhone.ActiveCfg = Release|iPhone
		{D6120C4C-3ECC-4B2B-8AB5-A1E78DB8B99C}.Release|iPhone.Build.0 = Release|iPhone
		{D6120C4C-3ECC-4B2B-8AB5-A1E78DB8B99C}.Release|iPhone.Deploy.0 = Release|iPhone
		{D6120C4C-3ECC-4B2B-8AB5-A1E78DB8B99C}.Release|iPhoneSimulator.ActiveCfg = Release|iPhoneSimulator
		{D6120C4C-3ECC-4B2B-8AB5-A1E78DB8B99C}.Release|iPhoneSimulator.Build.0 = Release|iPhoneSimulator
		{D6120C4C-3ECC-4B2B-8AB5-A1E78DB8B99C}.Release|iPhoneSimulator.Deploy.0 = Release|iPhoneSimulator
		{B814E327-A685-4E07-8AB6-F81159D89A53}.Debug|Any CPU.ActiveCfg = Debug|Any CPU
		{B814E327-A685-4E07-8AB6-F81159D89A53}.Debug|Any CPU.Build.0 = Debug|Any CPU
		{B814E327-A685-4E07-8AB6-F81159D89A53}.Debug|Any CPU.Deploy.0 = Debug|Any CPU
		{B814E327-A685-4E07-8AB6-F81159D89A53}.Debug|iPhone.ActiveCfg = Debug|Any CPU
		{B814E327-A685-4E07-8AB6-F81159D89A53}.Debug|iPhone.Build.0 = Debug|Any CPU
		{B814E327-A685-4E07-8AB6-F81159D89A53}.Debug|iPhone.Deploy.0 = Debug|Any CPU
		{B814E327-A685-4E07-8AB6-F81159D89A53}.Debug|iPhoneSimulator.ActiveCfg = Debug|Any CPU
		{B814E327-A685-4E07-8AB6-F81159D89A53}.Debug|iPhoneSimulator.Build.0 = Debug|Any CPU
		{B814E327-A685-4E07-8AB6-F81159D89A53}.Debug|iPhoneSimulator.Deploy.0 = Debug|Any CPU
		{B814E327-A685-4E07-8AB6-F81159D89A53}.Release|Any CPU.ActiveCfg = Release|Any CPU
		{B814E327-A685-4E07-8AB6-F81159D89A53}.Release|Any CPU.Build.0 = Release|Any CPU
		{B814E327-A685-4E07-8AB6-F81159D89A53}.Release|Any CPU.Deploy.0 = Release|Any CPU
		{B814E327-A685-4E07-8AB6-F81159D89A53}.Release|iPhone.ActiveCfg = Release|Any CPU
		{B814E327-A685-4E07-8AB6-F81159D89A53}.Release|iPhone.Build.0 = Release|Any CPU
		{B814E327-A685-4E07-8AB6-F81159D89A53}.Release|iPhone.Deploy.0 = Release|Any CPU
		{B814E327-A685-4E07-8AB6-F81159D89A53}.Release|iPhoneSimulator.ActiveCfg = Release|Any CPU
		{B814E327-A685-4E07-8AB6-F81159D89A53}.Release|iPhoneSimulator.Build.0 = Release|Any CPU
		{B814E327-A685-4E07-8AB6-F81159D89A53}.Release|iPhoneSimulator.Deploy.0 = Release|Any CPU
	EndGlobalSection
	GlobalSection(SolutionProperties) = preSolution
		HideSolutionNode = FALSE
	EndGlobalSection
	GlobalSection(ExtensibilityGlobals) = postSolution
		SolutionGuid = {FEDAAEF3-E4E0-46E8-8E19-66F6864CFBD4}
	EndGlobalSection
EndGlobal
